// !$*UTF8*$!
{
	archiveVersion = 1;
	classes = {
	};
	objectVersion = 50;
	objects = {

/* Begin PBXBuildFile section */
		ABCF4E7B2967ECED00ED81CD /* AppDelegate.swift in Sources */ = {isa = PBXBuildFile; fileRef = ABCF4E7A2967ECED00ED81CD /* AppDelegate.swift */; };
		ABCF4E7D2967ECED00ED81CD /* ContentView.swift in Sources */ = {isa = PBXBuildFile; fileRef = ABCF4E7C2967ECED00ED81CD /* ContentView.swift */; };
		ABCF4E812967ECEE00ED81CD /* Assets.xcassets in Resources */ = {isa = PBXBuildFile; fileRef = ABCF4E802967ECEE00ED81CD /* Assets.xcassets */; };
		ABCF4E842967ECEE00ED81CD /* Preview Assets.xcassets in Resources */ = {isa = PBXBuildFile; fileRef = ABCF4E832967ECEE00ED81CD /* Preview Assets.xcassets */; };
		ABCF4E872967ECEE00ED81CD /* LaunchScreen.storyboard in Resources */ = {isa = PBXBuildFile; fileRef = ABCF4E852967ECEE00ED81CD /* LaunchScreen.storyboard */; };
		ABCF4E952967EE8000ED81CD /* milktea.rcproject in Sources */ = {isa = PBXBuildFile; fileRef = ABCF4E942967EE8000ED81CD /* milktea.rcproject */; };
/* End PBXBuildFile section */

/* Begin PBXFileReference section */
		ABCF4E772967ECED00ED81CD /* milktea_app.app */ = {isa = PBXFileReference; explicitFileType = wrapper.application; includeInIndex = 0; path = milktea_app.app; sourceTree = BUILT_PRODUCTS_DIR; };
		ABCF4E7A2967ECED00ED81CD /* AppDelegate.swift */ = {isa = PBXFileReference; lastKnownFileType = sourcecode.swift; path = AppDelegate.swift; sourceTree = "<group>"; };
		ABCF4E7C2967ECED00ED81CD /* ContentView.swift */ = {isa = PBXFileReference; lastKnownFileType = sourcecode.swift; path = ContentView.swift; sourceTree = "<group>"; };
		ABCF4E802967ECEE00ED81CD /* Assets.xcassets */ = {isa = PBXFileReference; lastKnownFileType = folder.assetcatalog; path = Assets.xcassets; sourceTree = "<group>"; };
		ABCF4E832967ECEE00ED81CD /* Preview Assets.xcassets */ = {isa = PBXFileReference; lastKnownFileType = folder.assetcatalog; path = "Preview Assets.xcassets"; sourceTree = "<group>"; };
		ABCF4E862967ECEE00ED81CD /* Base */ = {isa = PBXFileReference; lastKnownFileType = file.storyboard; name = Base; path = Base.lproj/LaunchScreen.storyboard; sourceTree = "<group>"; };
		ABCF4E882967ECEE00ED81CD /* Info.plist */ = {isa = PBXFileReference; lastKnownFileType = text.plist.xml; path = Info.plist; sourceTree = "<group>"; };
		ABCF4E942967EE8000ED81CD /* milktea.rcproject */ = {isa = PBXFileReference; lastKnownFileType = file.rcproject; path = milktea.rcproject; sourceTree = "<group>"; };
/* End PBXFileReference section */

/* Begin PBXFrameworksBuildPhase section */
		ABCF4E742967ECED00ED81CD /* Frameworks */ = {
			isa = PBXFrameworksBuildPhase;
			buildActionMask = 2147483647;
			files = (
			);
			runOnlyForDeploymentPostprocessing = 0;
		};
/* End PBXFrameworksBuildPhase section */

/* Begin PBXGroup section */
		ABCF4E6E2967ECED00ED81CD = {
			isa = PBXGroup;
			children = (
				ABCF4E792967ECED00ED81CD /* milktea_app */,
				ABCF4E782967ECED00ED81CD /* Products */,
			);
			sourceTree = "<group>";
		};
		ABCF4E782967ECED00ED81CD /* Products */ = {
			isa = PBXGroup;
			children = (
				ABCF4E772967ECED00ED81CD /* milktea_app.app */,
			);
			name = Products;
			sourceTree = "<group>";
		};
		ABCF4E792967ECED00ED81CD /* milktea_app */ = {
			isa = PBXGroup;
			children = (
				ABCF4E7A2967ECED00ED81CD /* AppDelegate.swift */,
				ABCF4E7C2967ECED00ED81CD /* ContentView.swift */,
				ABCF4E942967EE8000ED81CD /* milktea.rcproject */,
				ABCF4E802967ECEE00ED81CD /* Assets.xcassets */,
				ABCF4E852967ECEE00ED81CD /* LaunchScreen.storyboard */,
				ABCF4E882967ECEE00ED81CD /* Info.plist */,
				ABCF4E822967ECEE00ED81CD /* Preview Content */,
			);
			path = milktea_app;
			sourceTree = "<group>";
		};
		ABCF4E822967ECEE00ED81CD /* Preview Content */ = {
			isa = PBXGroup;
			children = (
				ABCF4E832967ECEE00ED81CD /* Preview Assets.xcassets */,
			);
			path = "Preview Content";
			sourceTree = "<group>";
		};
/* End PBXGroup section */

/* Begin PBXNativeTarget section */
		ABCF4E762967ECED00ED81CD /* milktea_app */ = {
			isa = PBXNativeTarget;
			buildConfigurationList = ABCF4E8B2967ECEE00ED81CD /* Build configuration list for PBXNativeTarget "milktea_app" */;
			buildPhases = (
				ABCF4E732967ECED00ED81CD /* Sources */,
				ABCF4E742967ECED00ED81CD /* Frameworks */,
				ABCF4E752967ECED00ED81CD /* Resources */,
			);
			buildRules = (
			);
			dependencies = (
			);
			name = milktea_app;
			productName = milktea_app;
			productReference = ABCF4E772967ECED00ED81CD /* milktea_app.app */;
			productType = "com.apple.product-type.application";
		};
/* End PBXNativeTarget section */

/* Begin PBXProject section */
		ABCF4E6F2967ECED00ED81CD /* Project object */ = {
			isa = PBXProject;
			attributes = {
				LastSwiftUpdateCheck = 1250;
				LastUpgradeCheck = 1250;
				TargetAttributes = {
					ABCF4E762967ECED00ED81CD = {
						CreatedOnToolsVersion = 12.5.1;
					};
				};
			};
			buildConfigurationList = ABCF4E722967ECED00ED81CD /* Build configuration list for PBXProject "milktea_app" */;
			compatibilityVersion = "Xcode 9.3";
			developmentRegion = en;
			hasScannedForEncodings = 0;
			knownRegions = (
				en,
				Base,
			);
			mainGroup = ABCF4E6E2967ECED00ED81CD;
			productRefGroup = ABCF4E782967ECED00ED81CD /* Products */;
			projectDirPath = "";
			projectRoot = "";
			targets = (
				ABCF4E762967ECED00ED81CD /* milktea_app */,
			);
		};
/* End PBXProject section */

/* Begin PBXResourcesBuildPhase section */
		ABCF4E752967ECED00ED81CD /* Resources */ = {
			isa = PBXResourcesBuildPhase;
			buildActionMask = 2147483647;
			files = (
				ABCF4E872967ECEE00ED81CD /* LaunchScreen.storyboard in Resources */,
				ABCF4E842967ECEE00ED81CD /* Preview Assets.xcassets in Resources */,
				ABCF4E812967ECEE00ED81CD /* Assets.xcassets in Resources */,
			);
			runOnlyForDeploymentPostprocessing = 0;
		};
/* End PBXResourcesBuildPhase section */

/* Begin PBXSourcesBuildPhase section */
		ABCF4E732967ECED00ED81CD /* Sources */ = {
			isa = PBXSourcesBuildPhase;
			buildActionMask = 2147483647;
			files = (
				ABCF4E7D2967ECED00ED81CD /* ContentView.swift in Sources */,
				ABCF4E7B2967ECED00ED81CD /* AppDelegate.swift in Sources */,
				ABCF4E952967EE8000ED81CD /* milktea.rcproject in Sources */,
			);
			runOnlyForDeploymentPostprocessing = 0;
		};
/* End PBXSourcesBuildPhase section */

/* Begin PBXVariantGroup section */
		ABCF4E852967ECEE00ED81CD /* LaunchScreen.storyboard */ = {
			isa = PBXVariantGroup;
			children = (
				ABCF4E862967ECEE00ED81CD /* Base */,
			);
			name = LaunchScreen.storyboard;
			sourceTree = "<group>";
		};
/* End PBXVariantGroup section */

/* Begin XCBuildConfiguration section */
		ABCF4E892967ECEE00ED81CD /* Debug */ = {
			isa = XCBuildConfiguration;
			buildSettings = {
				ALWAYS_SEARCH_USER_PATHS = NO;
				CLANG_ANALYZER_NONNULL = YES;
				CLANG_ANALYZER_NUMBER_OBJECT_CONVERSION = YES_AGGRESSIVE;
				CLANG_CXX_LANGUAGE_STANDARD = "gnu++14";
				CLANG_CXX_LIBRARY = "libc++";
				CLANG_ENABLE_MODULES = YES;
				CLANG_ENABLE_OBJC_ARC = YES;
				CLANG_ENABLE_OBJC_WEAK = YES;
				CLANG_WARN_BLOCK_CAPTURE_AUTORELEASING = YES;
				CLANG_WARN_BOOL_CONVERSION = YES;
				CLANG_WARN_COMMA = YES;
				CLANG_WARN_CONSTANT_CONVERSION = YES;
				CLANG_WARN_DEPRECATED_OBJC_IMPLEMENTATIONS = YES;
				CLANG_WARN_DIRECT_OBJC_ISA_USAGE = YES_ERROR;
				CLANG_WARN_DOCUMENTATION_COMMENTS = YES;
				CLANG_WARN_EMPTY_BODY = YES;
				CLANG_WARN_ENUM_CONVERSION = YES;
				CLANG_WARN_INFINITE_RECURSION = YES;
				CLANG_WARN_INT_CONVERSION = YES;
				CLANG_WARN_NON_LITERAL_NULL_CONVERSION = YES;
				CLANG_WARN_OBJC_IMPLICIT_RETAIN_SELF = YES;
				CLANG_WARN_OBJC_LITERAL_CONVERSION = YES;
				CLANG_WARN_OBJC_ROOT_CLASS = YES_ERROR;
				CLANG_WARN_QUOTED_INCLUDE_IN_FRAMEWORK_HEADER = YES;
				CLANG_WARN_RANGE_LOOP_ANALYSIS = YES;
				CLANG_WARN_STRICT_PROTOTYPES = YES;
				CLANG_WARN_SUSPICIOUS_MOVE = YES;
				CLANG_WARN_UNGUARDED_AVAILABILITY = YES_AGGRESSIVE;
				CLANG_WARN_UNREACHABLE_CODE = YES;
				CLANG_WARN__DUPLICATE_METHOD_MATCH = YES;
				COPY_PHASE_STRIP = NO;
				DEBUG_INFORMATION_FORMAT = dwarf;
				ENABLE_STRICT_OBJC_MSGSEND = YES;
				ENABLE_TESTABILITY = YES;
				GCC_C_LANGUAGE_STANDARD = gnu11;
				GCC_DYNAMIC_NO_PIC = NO;
				GCC_NO_COMMON_BLOCKS = YES;
				GCC_OPTIMIZATION_LEVEL = 0;
				GCC_PREPROCESSOR_DEFINITIONS = (
					"DEBUG=1",
					"$(inherited)",
				);
				GCC_WARN_64_TO_32_BIT_CONVERSION = YES;
				GCC_WARN_ABOUT_RETURN_TYPE = YES_ERROR;
				GCC_WARN_UNDECLARED_SELECTOR = YES;
				GCC_WARN_UNINITIALIZED_AUTOS = YES_AGGRESSIVE;
				GCC_WARN_UNUSED_FUNCTION = YES;
				GCC_WARN_UNUSED_VARIABLE = YES;
				IPHONEOS_DEPLOYMENT_TARGET = 14.5;
				MTL_ENABLE_DEBUG_INFO = INCLUDE_SOURCE;
				MTL_FAST_MATH = YES;
				ONLY_ACTIVE_ARCH = YES;
				SDKROOT = iphoneos;
				SWIFT_ACTIVE_COMPILATION_CONDITIONS = DEBUG;
				SWIFT_OPTIMIZATION_LEVEL = "-Onone";
			};
			name = Debug;
		};
		ABCF4E8A2967ECEE00ED81CD /* Release */ = {
			isa = XCBuildConfiguration;
			buildSettings = {
				ALWAYS_SEARCH_USER_PATHS = NO;
				CLANG_ANALYZER_NONNULL = YES;
				CLANG_ANALYZER_NUMBER_OBJECT_CONVERSION = YES_AGGRESSIVE;
				CLANG_CXX_LANGUAGE_STANDARD = "gnu++14";
				CLANG_CXX_LIBRARY = "libc++";
				CLANG_ENABLE_MODULES = YES;
				CLANG_ENABLE_OBJC_ARC = YES;
				CLANG_ENABLE_OBJC_WEAK = YES;
				CLANG_WARN_BLOCK_CAPTURE_AUTORELEASING = YES;
				CLANG_WARN_BOOL_CONVERSION = YES;
				CLANG_WARN_COMMA = YES;
				CLANG_WARN_CONSTANT_CONVERSION = YES;
				CLANG_WARN_DEPRECATED_OBJC_IMPLEMENTATIONS = YES;
				CLANG_WARN_DIRECT_OBJC_ISA_USAGE = YES_ERROR;
				CLANG_WARN_DOCUMENTATION_COMMENTS = YES;
				CLANG_WARN_EMPTY_BODY = YES;
				CLANG_WARN_ENUM_CONVERSION = YES;
				CLANG_WARN_INFINITE_RECURSION = YES;
				CLANG_WARN_INT_CONVERSION = YES;
				CLANG_WARN_NON_LITERAL_NULL_CONVERSION = YES;
				CLANG_WARN_OBJC_IMPLICIT_RETAIN_SELF = YES;
				CLANG_WARN_OBJC_LITERAL_CONVERSION = YES;
				CLANG_WARN_OBJC_ROOT_CLASS = YES_ERROR;
				CLANG_WARN_QUOTED_INCLUDE_IN_FRAMEWORK_HEADER = YES;
				CLANG_WARN_RANGE_LOOP_ANALYSIS = YES;
				CLANG_WARN_STRICT_PROTOTYPES = YES;
				CLANG_WARN_SUSPICIOUS_MOVE = YES;
				CLANG_WARN_UNGUARDED_AVAILABILITY = YES_AGGRESSIVE;
				CLANG_WARN_UNREACHABLE_CODE = YES;
				CLANG_WARN__DUPLICATE_METHOD_MATCH = YES;
				COPY_PHASE_STRIP = NO;
				DEBUG_INFORMATION_FORMAT = "dwarf-with-dsym";
				ENABLE_NS_ASSERTIONS = NO;
				ENABLE_STRICT_OBJC_MSGSEND = YES;
				GCC_C_LANGUAGE_STANDARD = gnu11;
				GCC_NO_COMMON_BLOCKS = YES;
				GCC_WARN_64_TO_32_BIT_CONVERSION = YES;
				GCC_WARN_ABOUT_RETURN_TYPE = YES_ERROR;
				GCC_WARN_UNDECLARED_SELECTOR = YES;
				GCC_WARN_UNINITIALIZED_AUTOS = YES_AGGRESSIVE;
				GCC_WARN_UNUSED_FUNCTION = YES;
				GCC_WARN_UNUSED_VARIABLE = YES;
				IPHONEOS_DEPLOYMENT_TARGET = 14.5;
				MTL_ENABLE_DEBUG_INFO = NO;
				MTL_FAST_MATH = YES;
				SDKROOT = iphoneos;
				SWIFT_COMPILATION_MODE = wholemodule;
				SWIFT_OPTIMIZATION_LEVEL = "-O";
				VALIDATE_PRODUCT = YES;
			};
			name = Release;
		};
		ABCF4E8C2967ECEE00ED81CD /* Debug */ = {
			isa = XCBuildConfiguration;
			buildSettings = {
				ASSETCATALOG_COMPILER_APPICON_NAME = AppIcon;
				ASSETCATALOG_COMPILER_GLOBAL_ACCENT_COLOR_NAME = AccentColor;
				CODE_SIGN_STYLE = Automatic;
				DEVELOPMENT_ASSET_PATHS = "\"milktea_app/Preview Content\"";
				ENABLE_PREVIEWS = YES;
				INFOPLIST_FILE = milktea_app/Info.plist;
				LD_RUNPATH_SEARCH_PATHS = (
					"$(inherited)",
					"@executable_path/Frameworks",
				);
				PRODUCT_BUNDLE_IDENTIFIER = "edu.ive.milktea-app";
				PRODUCT_NAME = "$(TARGET_NAME)";
				SWIFT_VERSION = 5.0;
				TARGETED_DEVICE_FAMILY = "1,2";
			};
			name = Debug;
		};
		ABCF4E8D2967ECEE00ED81CD /* Release */ = {
			isa = XCBuildConfiguration;
			buildSettings = {
				ASSETCATALOG_COMPILER_APPICON_NAME = AppIcon;
				ASSETCATALOG_COMPILER_GLOBAL_ACCENT_COLOR_NAME = AccentColor;
				CODE_SIGN_STYLE = Automatic;
				DEVELOPMENT_ASSET_PATHS = "\"milktea_app/Preview Content\"";
				ENABLE_PREVIEWS = YES;
				INFOPLIST_FILE = milktea_app/Info.plist;
				LD_RUNPATH_SEARCH_PATHS = (
					"$(inherited)",
					"@executable_path/Frameworks",
				);
				PRODUCT_BUNDLE_IDENTIFIER = "edu.ive.milktea-app";
				PRODUCT_NAME = "$(TARGET_NAME)";
				SWIFT_VERSION = 5.0;
				TARGETED_DEVICE_FAMILY = "1,2";
			};
			name = Release;
		};
/* End XCBuildConfiguration section */

/* Begin XCConfigurationList section */
		ABCF4E722967ECED00ED81CD /* Build configuration list for PBXProject "milktea_app" */ = {
			isa = XCConfigurationList;
			buildConfigurations = (
				ABCF4E892967ECEE00ED81CD /* Debug */,
				ABCF4E8A2967ECEE00ED81CD /* Release */,
			);
			defaultConfigurationIsVisible = 0;
			defaultConfigurationName = Release;
		};
		ABCF4E8B2967ECEE00ED81CD /* Build configuration list for PBXNativeTarget "milktea_app" */ = {
			isa = XCConfigurationList;
			buildConfigurations = (
				ABCF4E8C2967ECEE00ED81CD /* Debug */,
				ABCF4E8D2967ECEE00ED81CD /* Release */,
			);
			defaultConfigurationIsVisible = 0;
			defaultConfigurationName = Release;
		};
/* End XCConfigurationList section */
	};
	rootObject = ABCF4E6F2967ECED00ED81CD /* Project object */;
}
